// !$*UTF8*$!
{
	archiveVersion = 1;
	classes = {
	};
	objectVersion = 46;
	objects = {

/* Begin PBXBuildFile section */
		B5E0BC331DB9B24D00ED9208 /* AppDelegate.swift in Sources */ = {isa = PBXBuildFile; fileRef = B5E0BC321DB9B24D00ED9208 /* AppDelegate.swift */; };
		B5E0BC351DB9B24D00ED9208 /* ViewController.swift in Sources */ = {isa = PBXBuildFile; fileRef = B5E0BC341DB9B24D00ED9208 /* ViewController.swift */; };
		B5E0BC381DB9B24D00ED9208 /* Main.storyboard in Resources */ = {isa = PBXBuildFile; fileRef = B5E0BC361DB9B24D00ED9208 /* Main.storyboard */; };
		B5E0BC3A1DB9B24D00ED9208 /* Assets.xcassets in Resources */ = {isa = PBXBuildFile; fileRef = B5E0BC391DB9B24D00ED9208 /* Assets.xcassets */; };
		B5E0BC3D1DB9B24D00ED9208 /* LaunchScreen.storyboard in Resources */ = {isa = PBXBuildFile; fileRef = B5E0BC3B1DB9B24D00ED9208 /* LaunchScreen.storyboard */; };
		B5E0BC461DB9B27E00ED9208 /* ImageGuyViewController.swift in Sources */ = {isa = PBXBuildFile; fileRef = B5E0BC451DB9B27E00ED9208 /* ImageGuyViewController.swift */; };
		B5E0BC481DB9B88F00ED9208 /* ImageGuyCell.swift in Sources */ = {isa = PBXBuildFile; fileRef = B5E0BC471DB9B88F00ED9208 /* ImageGuyCell.swift */; };
		B5E0BC5F1DB9BB6A00ED9208 /* AnimatedImageView.swift in Sources */ = {isa = PBXBuildFile; fileRef = B5E0BC4A1DB9BB6A00ED9208 /* AnimatedImageView.swift */; };
		B5E0BC601DB9BB6A00ED9208 /* Box.swift in Sources */ = {isa = PBXBuildFile; fileRef = B5E0BC4B1DB9BB6A00ED9208 /* Box.swift */; };
		B5E0BC611DB9BB6A00ED9208 /* CacheSerializer.swift in Sources */ = {isa = PBXBuildFile; fileRef = B5E0BC4C1DB9BB6A00ED9208 /* CacheSerializer.swift */; };
		B5E0BC621DB9BB6A00ED9208 /* Filter.swift in Sources */ = {isa = PBXBuildFile; fileRef = B5E0BC4D1DB9BB6A00ED9208 /* Filter.swift */; };
		B5E0BC631DB9BB6A00ED9208 /* Image.swift in Sources */ = {isa = PBXBuildFile; fileRef = B5E0BC4E1DB9BB6A00ED9208 /* Image.swift */; };
		B5E0BC641DB9BB6A00ED9208 /* ImageCache.swift in Sources */ = {isa = PBXBuildFile; fileRef = B5E0BC4F1DB9BB6A00ED9208 /* ImageCache.swift */; };
		B5E0BC651DB9BB6A00ED9208 /* ImageDownloader.swift in Sources */ = {isa = PBXBuildFile; fileRef = B5E0BC501DB9BB6A00ED9208 /* ImageDownloader.swift */; };
		B5E0BC661DB9BB6A00ED9208 /* ImagePrefetcher.swift in Sources */ = {isa = PBXBuildFile; fileRef = B5E0BC511DB9BB6A00ED9208 /* ImagePrefetcher.swift */; };
		B5E0BC671DB9BB6A00ED9208 /* ImageProcessor.swift in Sources */ = {isa = PBXBuildFile; fileRef = B5E0BC521DB9BB6A00ED9208 /* ImageProcessor.swift */; };
		B5E0BC681DB9BB6A00ED9208 /* ImageTransition.swift in Sources */ = {isa = PBXBuildFile; fileRef = B5E0BC531DB9BB6A00ED9208 /* ImageTransition.swift */; };
		B5E0BC691DB9BB6A00ED9208 /* ImageView+Kingfisher.swift in Sources */ = {isa = PBXBuildFile; fileRef = B5E0BC541DB9BB6A00ED9208 /* ImageView+Kingfisher.swift */; };
		B5E0BC6A1DB9BB6A00ED9208 /* Indicator.swift in Sources */ = {isa = PBXBuildFile; fileRef = B5E0BC551DB9BB6A00ED9208 /* Indicator.swift */; };
		B5E0BC6B1DB9BB6A00ED9208 /* Kingfisher.swift in Sources */ = {isa = PBXBuildFile; fileRef = B5E0BC571DB9BB6A00ED9208 /* Kingfisher.swift */; };
		B5E0BC6C1DB9BB6A00ED9208 /* KingfisherManager.swift in Sources */ = {isa = PBXBuildFile; fileRef = B5E0BC581DB9BB6A00ED9208 /* KingfisherManager.swift */; };
		B5E0BC6D1DB9BB6A00ED9208 /* KingfisherOptionsInfo.swift in Sources */ = {isa = PBXBuildFile; fileRef = B5E0BC591DB9BB6A00ED9208 /* KingfisherOptionsInfo.swift */; };
		B5E0BC6E1DB9BB6A00ED9208 /* RequrstModifier.swift in Sources */ = {isa = PBXBuildFile; fileRef = B5E0BC5A1DB9BB6A00ED9208 /* RequrstModifier.swift */; };
		B5E0BC6F1DB9BB6A00ED9208 /* Resource.swift in Sources */ = {isa = PBXBuildFile; fileRef = B5E0BC5B1DB9BB6A00ED9208 /* Resource.swift */; };
		B5E0BC701DB9BB6A00ED9208 /* String+MD5.swift in Sources */ = {isa = PBXBuildFile; fileRef = B5E0BC5C1DB9BB6A00ED9208 /* String+MD5.swift */; };
		B5E0BC711DB9BB6A00ED9208 /* ThreadHelper.swift in Sources */ = {isa = PBXBuildFile; fileRef = B5E0BC5D1DB9BB6A00ED9208 /* ThreadHelper.swift */; };
		B5E0BC721DB9BB6A00ED9208 /* UIButton+Kingfisher.swift in Sources */ = {isa = PBXBuildFile; fileRef = B5E0BC5E1DB9BB6A00ED9208 /* UIButton+Kingfisher.swift */; };
		B5E0BC741DBA172A00ED9208 /* LoadingView.swift in Sources */ = {isa = PBXBuildFile; fileRef = B5E0BC731DBA172A00ED9208 /* LoadingView.swift */; };
/* End PBXBuildFile section */

/* Begin PBXFileReference section */
		B5E0BC2F1DB9B24D00ED9208 /* ImageGuyDemo.app */ = {isa = PBXFileReference; explicitFileType = wrapper.application; includeInIndex = 0; path = ImageGuyDemo.app; sourceTree = BUILT_PRODUCTS_DIR; };
		B5E0BC321DB9B24D00ED9208 /* AppDelegate.swift */ = {isa = PBXFileReference; lastKnownFileType = sourcecode.swift; path = AppDelegate.swift; sourceTree = "<group>"; };
		B5E0BC341DB9B24D00ED9208 /* ViewController.swift */ = {isa = PBXFileReference; lastKnownFileType = sourcecode.swift; path = ViewController.swift; sourceTree = "<group>"; };
		B5E0BC371DB9B24D00ED9208 /* Base */ = {isa = PBXFileReference; lastKnownFileType = file.storyboard; name = Base; path = Base.lproj/Main.storyboard; sourceTree = "<group>"; };
		B5E0BC391DB9B24D00ED9208 /* Assets.xcassets */ = {isa = PBXFileReference; lastKnownFileType = folder.assetcatalog; path = Assets.xcassets; sourceTree = "<group>"; };
		B5E0BC3C1DB9B24D00ED9208 /* Base */ = {isa = PBXFileReference; lastKnownFileType = file.storyboard; name = Base; path = Base.lproj/LaunchScreen.storyboard; sourceTree = "<group>"; };
		B5E0BC3E1DB9B24D00ED9208 /* Info.plist */ = {isa = PBXFileReference; lastKnownFileType = text.plist.xml; path = Info.plist; sourceTree = "<group>"; };
		B5E0BC451DB9B27E00ED9208 /* ImageGuyViewController.swift */ = {isa = PBXFileReference; fileEncoding = 4; lastKnownFileType = sourcecode.swift; path = ImageGuyViewController.swift; sourceTree = "<group>"; };
		B5E0BC471DB9B88F00ED9208 /* ImageGuyCell.swift */ = {isa = PBXFileReference; fileEncoding = 4; lastKnownFileType = sourcecode.swift; path = ImageGuyCell.swift; sourceTree = "<group>"; };
		B5E0BC4A1DB9BB6A00ED9208 /* AnimatedImageView.swift */ = {isa = PBXFileReference; fileEncoding = 4; lastKnownFileType = sourcecode.swift; path = AnimatedImageView.swift; sourceTree = "<group>"; };
		B5E0BC4B1DB9BB6A00ED9208 /* Box.swift */ = {isa = PBXFileReference; fileEncoding = 4; lastKnownFileType = sourcecode.swift; path = Box.swift; sourceTree = "<group>"; };
		B5E0BC4C1DB9BB6A00ED9208 /* CacheSerializer.swift */ = {isa = PBXFileReference; fileEncoding = 4; lastKnownFileType = sourcecode.swift; path = CacheSerializer.swift; sourceTree = "<group>"; };
		B5E0BC4D1DB9BB6A00ED9208 /* Filter.swift */ = {isa = PBXFileReference; fileEncoding = 4; lastKnownFileType = sourcecode.swift; path = Filter.swift; sourceTree = "<group>"; };
		B5E0BC4E1DB9BB6A00ED9208 /* Image.swift */ = {isa = PBXFileReference; fileEncoding = 4; lastKnownFileType = sourcecode.swift; path = Image.swift; sourceTree = "<group>"; };
		B5E0BC4F1DB9BB6A00ED9208 /* ImageCache.swift */ = {isa = PBXFileReference; fileEncoding = 4; lastKnownFileType = sourcecode.swift; path = ImageCache.swift; sourceTree = "<group>"; };
		B5E0BC501DB9BB6A00ED9208 /* ImageDownloader.swift */ = {isa = PBXFileReference; fileEncoding = 4; lastKnownFileType = sourcecode.swift; path = ImageDownloader.swift; sourceTree = "<group>"; };
		B5E0BC511DB9BB6A00ED9208 /* ImagePrefetcher.swift */ = {isa = PBXFileReference; fileEncoding = 4; lastKnownFileType = sourcecode.swift; path = ImagePrefetcher.swift; sourceTree = "<group>"; };
		B5E0BC521DB9BB6A00ED9208 /* ImageProcessor.swift */ = {isa = PBXFileReference; fileEncoding = 4; lastKnownFileType = sourcecode.swift; path = ImageProcessor.swift; sourceTree = "<group>"; };
		B5E0BC531DB9BB6A00ED9208 /* ImageTransition.swift */ = {isa = PBXFileReference; fileEncoding = 4; lastKnownFileType = sourcecode.swift; path = ImageTransition.swift; sourceTree = "<group>"; };
		B5E0BC541DB9BB6A00ED9208 /* ImageView+Kingfisher.swift */ = {isa = PBXFileReference; fileEncoding = 4; lastKnownFileType = sourcecode.swift; path = "ImageView+Kingfisher.swift"; sourceTree = "<group>"; };
		B5E0BC551DB9BB6A00ED9208 /* Indicator.swift */ = {isa = PBXFileReference; fileEncoding = 4; lastKnownFileType = sourcecode.swift; path = Indicator.swift; sourceTree = "<group>"; };
		B5E0BC561DB9BB6A00ED9208 /* Kingfisher.h */ = {isa = PBXFileReference; fileEncoding = 4; lastKnownFileType = sourcecode.c.h; path = Kingfisher.h; sourceTree = "<group>"; };
		B5E0BC571DB9BB6A00ED9208 /* Kingfisher.swift */ = {isa = PBXFileReference; fileEncoding = 4; lastKnownFileType = sourcecode.swift; path = Kingfisher.swift; sourceTree = "<group>"; };
		B5E0BC581DB9BB6A00ED9208 /* KingfisherManager.swift */ = {isa = PBXFileReference; fileEncoding = 4; lastKnownFileType = sourcecode.swift; path = KingfisherManager.swift; sourceTree = "<group>"; };
		B5E0BC591DB9BB6A00ED9208 /* KingfisherOptionsInfo.swift */ = {isa = PBXFileReference; fileEncoding = 4; lastKnownFileType = sourcecode.swift; path = KingfisherOptionsInfo.swift; sourceTree = "<group>"; };
		B5E0BC5A1DB9BB6A00ED9208 /* RequrstModifier.swift */ = {isa = PBXFileReference; fileEncoding = 4; lastKnownFileType = sourcecode.swift; path = RequrstModifier.swift; sourceTree = "<group>"; };
		B5E0BC5B1DB9BB6A00ED9208 /* Resource.swift */ = {isa = PBXFileReference; fileEncoding = 4; lastKnownFileType = sourcecode.swift; path = Resource.swift; sourceTree = "<group>"; };
		B5E0BC5C1DB9BB6A00ED9208 /* String+MD5.swift */ = {isa = PBXFileReference; fileEncoding = 4; lastKnownFileType = sourcecode.swift; path = "String+MD5.swift"; sourceTree = "<group>"; };
		B5E0BC5D1DB9BB6A00ED9208 /* ThreadHelper.swift */ = {isa = PBXFileReference; fileEncoding = 4; lastKnownFileType = sourcecode.swift; path = ThreadHelper.swift; sourceTree = "<group>"; };
		B5E0BC5E1DB9BB6A00ED9208 /* UIButton+Kingfisher.swift */ = {isa = PBXFileReference; fileEncoding = 4; lastKnownFileType = sourcecode.swift; path = "UIButton+Kingfisher.swift"; sourceTree = "<group>"; };
		B5E0BC731DBA172A00ED9208 /* LoadingView.swift */ = {isa = PBXFileReference; fileEncoding = 4; lastKnownFileType = sourcecode.swift; path = LoadingView.swift; sourceTree = "<group>"; };
/* End PBXFileReference section */

/* Begin PBXFrameworksBuildPhase section */
		B5E0BC2C1DB9B24D00ED9208 /* Frameworks */ = {
			isa = PBXFrameworksBuildPhase;
			buildActionMask = 2147483647;
			files = (
			);
			runOnlyForDeploymentPostprocessing = 0;
		};
/* End PBXFrameworksBuildPhase section */

/* Begin PBXGroup section */
		B5E0BC261DB9B24D00ED9208 = {
			isa = PBXGroup;
			children = (
				B5E0BC311DB9B24D00ED9208 /* ImageGuyDemo */,
				B5E0BC301DB9B24D00ED9208 /* Products */,
			);
			sourceTree = "<group>";
		};
		B5E0BC301DB9B24D00ED9208 /* Products */ = {
			isa = PBXGroup;
			children = (
				B5E0BC2F1DB9B24D00ED9208 /* ImageGuyDemo.app */,
			);
			name = Products;
			sourceTree = "<group>";
		};
		B5E0BC311DB9B24D00ED9208 /* ImageGuyDemo */ = {
			isa = PBXGroup;
			children = (
				B5E0BC491DB9BB6A00ED9208 /* Kingfisher */,
				B5E0BC441DB9B26A00ED9208 /* ImageGuy */,
				B5E0BC321DB9B24D00ED9208 /* AppDelegate.swift */,
				B5E0BC341DB9B24D00ED9208 /* ViewController.swift */,
				B5E0BC361DB9B24D00ED9208 /* Main.storyboard */,
				B5E0BC391DB9B24D00ED9208 /* Assets.xcassets */,
				B5E0BC3B1DB9B24D00ED9208 /* LaunchScreen.storyboard */,
				B5E0BC3E1DB9B24D00ED9208 /* Info.plist */,
			);
			path = ImageGuyDemo;
			sourceTree = "<group>";
		};
		B5E0BC441DB9B26A00ED9208 /* ImageGuy */ = {
			isa = PBXGroup;
			children = (
				B5E0BC451DB9B27E00ED9208 /* ImageGuyViewController.swift */,
				B5E0BC471DB9B88F00ED9208 /* ImageGuyCell.swift */,
				B5E0BC731DBA172A00ED9208 /* LoadingView.swift */,
			);
			path = ImageGuy;
			sourceTree = "<group>";
		};
		B5E0BC491DB9BB6A00ED9208 /* Kingfisher */ = {
			isa = PBXGroup;
			children = (
				B5E0BC4A1DB9BB6A00ED9208 /* AnimatedImageView.swift */,
				B5E0BC4B1DB9BB6A00ED9208 /* Box.swift */,
				B5E0BC4C1DB9BB6A00ED9208 /* CacheSerializer.swift */,
				B5E0BC4D1DB9BB6A00ED9208 /* Filter.swift */,
				B5E0BC4E1DB9BB6A00ED9208 /* Image.swift */,
				B5E0BC4F1DB9BB6A00ED9208 /* ImageCache.swift */,
				B5E0BC501DB9BB6A00ED9208 /* ImageDownloader.swift */,
				B5E0BC511DB9BB6A00ED9208 /* ImagePrefetcher.swift */,
				B5E0BC521DB9BB6A00ED9208 /* ImageProcessor.swift */,
				B5E0BC531DB9BB6A00ED9208 /* ImageTransition.swift */,
				B5E0BC541DB9BB6A00ED9208 /* ImageView+Kingfisher.swift */,
				B5E0BC551DB9BB6A00ED9208 /* Indicator.swift */,
				B5E0BC561DB9BB6A00ED9208 /* Kingfisher.h */,
				B5E0BC571DB9BB6A00ED9208 /* Kingfisher.swift */,
				B5E0BC581DB9BB6A00ED9208 /* KingfisherManager.swift */,
				B5E0BC591DB9BB6A00ED9208 /* KingfisherOptionsInfo.swift */,
				B5E0BC5A1DB9BB6A00ED9208 /* RequrstModifier.swift */,
				B5E0BC5B1DB9BB6A00ED9208 /* Resource.swift */,
				B5E0BC5C1DB9BB6A00ED9208 /* String+MD5.swift */,
				B5E0BC5D1DB9BB6A00ED9208 /* ThreadHelper.swift */,
				B5E0BC5E1DB9BB6A00ED9208 /* UIButton+Kingfisher.swift */,
			);
			name = Kingfisher;
			path = Sources;
			sourceTree = "<group>";
		};
/* End PBXGroup section */

/* Begin PBXNativeTarget section */
		B5E0BC2E1DB9B24D00ED9208 /* ImageGuyDemo */ = {
			isa = PBXNativeTarget;
			buildConfigurationList = B5E0BC411DB9B24D00ED9208 /* Build configuration list for PBXNativeTarget "ImageGuyDemo" */;
			buildPhases = (
				B5E0BC2B1DB9B24D00ED9208 /* Sources */,
				B5E0BC2C1DB9B24D00ED9208 /* Frameworks */,
				B5E0BC2D1DB9B24D00ED9208 /* Resources */,
			);
			buildRules = (
			);
			dependencies = (
			);
			name = ImageGuyDemo;
			productName = ImageGuyDemo;
			productReference = B5E0BC2F1DB9B24D00ED9208 /* ImageGuyDemo.app */;
			productType = "com.apple.product-type.application";
		};
/* End PBXNativeTarget section */

/* Begin PBXProject section */
		B5E0BC271DB9B24D00ED9208 /* Project object */ = {
			isa = PBXProject;
			attributes = {
				LastSwiftUpdateCheck = 0800;
				LastUpgradeCheck = 0800;
				ORGANIZATIONNAME = "兰轩轩";
				TargetAttributes = {
					B5E0BC2E1DB9B24D00ED9208 = {
						CreatedOnToolsVersion = 8.0;
						DevelopmentTeam = F7H6YLSJC6;
						ProvisioningStyle = Automatic;
					};
				};
			};
			buildConfigurationList = B5E0BC2A1DB9B24D00ED9208 /* Build configuration list for PBXProject "ImageGuyDemo" */;
			compatibilityVersion = "Xcode 3.2";
			developmentRegion = English;
			hasScannedForEncodings = 0;
			knownRegions = (
				en,
				Base,
			);
			mainGroup = B5E0BC261DB9B24D00ED9208;
			productRefGroup = B5E0BC301DB9B24D00ED9208 /* Products */;
			projectDirPath = "";
			projectRoot = "";
			targets = (
				B5E0BC2E1DB9B24D00ED9208 /* ImageGuyDemo */,
			);
		};
/* End PBXProject section */

/* Begin PBXResourcesBuildPhase section */
		B5E0BC2D1DB9B24D00ED9208 /* Resources */ = {
			isa = PBXResourcesBuildPhase;
			buildActionMask = 2147483647;
			files = (
				B5E0BC3D1DB9B24D00ED9208 /* LaunchScreen.storyboard in Resources */,
				B5E0BC3A1DB9B24D00ED9208 /* Assets.xcassets in Resources */,
				B5E0BC381DB9B24D00ED9208 /* Main.storyboard in Resources */,
			);
			runOnlyForDeploymentPostprocessing = 0;
		};
/* End PBXResourcesBuildPhase section */

/* Begin PBXSourcesBuildPhase section */
		B5E0BC2B1DB9B24D00ED9208 /* Sources */ = {
			isa = PBXSourcesBuildPhase;
			buildActionMask = 2147483647;
			files = (
				B5E0BC641DB9BB6A00ED9208 /* ImageCache.swift in Sources */,
				B5E0BC461DB9B27E00ED9208 /* ImageGuyViewController.swift in Sources */,
				B5E0BC631DB9BB6A00ED9208 /* Image.swift in Sources */,
				B5E0BC611DB9BB6A00ED9208 /* CacheSerializer.swift in Sources */,
				B5E0BC711DB9BB6A00ED9208 /* ThreadHelper.swift in Sources */,
				B5E0BC6B1DB9BB6A00ED9208 /* Kingfisher.swift in Sources */,
				B5E0BC671DB9BB6A00ED9208 /* ImageProcessor.swift in Sources */,
				B5E0BC6F1DB9BB6A00ED9208 /* Resource.swift in Sources */,
				B5E0BC481DB9B88F00ED9208 /* ImageGuyCell.swift in Sources */,
				B5E0BC6C1DB9BB6A00ED9208 /* KingfisherManager.swift in Sources */,
				B5E0BC5F1DB9BB6A00ED9208 /* AnimatedImageView.swift in Sources */,
				B5E0BC6E1DB9BB6A00ED9208 /* RequrstModifier.swift in Sources */,
				B5E0BC6A1DB9BB6A00ED9208 /* Indicator.swift in Sources */,
				B5E0BC651DB9BB6A00ED9208 /* ImageDownloader.swift in Sources */,
				B5E0BC701DB9BB6A00ED9208 /* String+MD5.swift in Sources */,
				B5E0BC681DB9BB6A00ED9208 /* ImageTransition.swift in Sources */,
				B5E0BC661DB9BB6A00ED9208 /* ImagePrefetcher.swift in Sources */,
				B5E0BC601DB9BB6A00ED9208 /* Box.swift in Sources */,
				B5E0BC741DBA172A00ED9208 /* LoadingView.swift in Sources */,
				B5E0BC691DB9BB6A00ED9208 /* ImageView+Kingfisher.swift in Sources */,
				B5E0BC721DB9BB6A00ED9208 /* UIButton+Kingfisher.swift in Sources */,
				B5E0BC621DB9BB6A00ED9208 /* Filter.swift in Sources */,
				B5E0BC351DB9B24D00ED9208 /* ViewController.swift in Sources */,
				B5E0BC331DB9B24D00ED9208 /* AppDelegate.swift in Sources */,
				B5E0BC6D1DB9BB6A00ED9208 /* KingfisherOptionsInfo.swift in Sources */,
			);
			runOnlyForDeploymentPostprocessing = 0;
		};
/* End PBXSourcesBuildPhase section */

/* Begin PBXVariantGroup section */
		B5E0BC361DB9B24D00ED9208 /* Main.storyboard */ = {
			isa = PBXVariantGroup;
			children = (
				B5E0BC371DB9B24D00ED9208 /* Base */,
			);
			name = Main.storyboard;
			sourceTree = "<group>";
		};
		B5E0BC3B1DB9B24D00ED9208 /* LaunchScreen.storyboard */ = {
			isa = PBXVariantGroup;
			children = (
				B5E0BC3C1DB9B24D00ED9208 /* Base */,
			);
			name = LaunchScreen.storyboard;
			sourceTree = "<group>";
		};
/* End PBXVariantGroup section */

/* Begin XCBuildConfiguration section */
		B5E0BC3F1DB9B24D00ED9208 /* Debug */ = {
			isa = XCBuildConfiguration;
			buildSettings = {
				ALWAYS_SEARCH_USER_PATHS = NO;
				CLANG_ANALYZER_NONNULL = YES;
				CLANG_CXX_LANGUAGE_STANDARD = "gnu++0x";
				CLANG_CXX_LIBRARY = "libc++";
				CLANG_ENABLE_MODULES = YES;
				CLANG_ENABLE_OBJC_ARC = YES;
				CLANG_WARN_BOOL_CONVERSION = YES;
				CLANG_WARN_CONSTANT_CONVERSION = YES;
				CLANG_WARN_DIRECT_OBJC_ISA_USAGE = YES_ERROR;
				CLANG_WARN_DOCUMENTATION_COMMENTS = YES;
				CLANG_WARN_EMPTY_BODY = YES;
				CLANG_WARN_ENUM_CONVERSION = YES;
				CLANG_WARN_INFINITE_RECURSION = YES;
				CLANG_WARN_INT_CONVERSION = YES;
				CLANG_WARN_OBJC_ROOT_CLASS = YES_ERROR;
				CLANG_WARN_SUSPICIOUS_MOVES = YES;
				CLANG_WARN_UNREACHABLE_CODE = YES;
				CLANG_WARN__DUPLICATE_METHOD_MATCH = YES;
				"CODE_SIGN_IDENTITY[sdk=iphoneos*]" = "iPhone Developer";
				COPY_PHASE_STRIP = NO;
				DEBUG_INFORMATION_FORMAT = dwarf;
				ENABLE_STRICT_OBJC_MSGSEND = YES;
				ENABLE_TESTABILITY = YES;
				GCC_C_LANGUAGE_STANDARD = gnu99;
				GCC_DYNAMIC_NO_PIC = NO;
				GCC_NO_COMMON_BLOCKS = YES;
				GCC_OPTIMIZATION_LEVEL = 0;
				GCC_PREPROCESSOR_DEFINITIONS = (
					"DEBUG=1",
					"$(inherited)",
				);
				GCC_WARN_64_TO_32_BIT_CONVERSION = YES;
				GCC_WARN_ABOUT_RETURN_TYPE = YES_ERROR;
				GCC_WARN_UNDECLARED_SELECTOR = YES;
				GCC_WARN_UNINITIALIZED_AUTOS = YES_AGGRESSIVE;
				GCC_WARN_UNUSED_FUNCTION = YES;
				GCC_WARN_UNUSED_VARIABLE = YES;
				IPHONEOS_DEPLOYMENT_TARGET = 10.0;
				MTL_ENABLE_DEBUG_INFO = YES;
				ONLY_ACTIVE_ARCH = YES;
				SDKROOT = iphoneos;
				SWIFT_ACTIVE_COMPILATION_CONDITIONS = DEBUG;
				SWIFT_OPTIMIZATION_LEVEL = "-Onone";
			};
			name = Debug;
		};
		B5E0BC401DB9B24D00ED9208 /* Release */ = {
			isa = XCBuildConfiguration;
			buildSettings = {
				ALWAYS_SEARCH_USER_PATHS = NO;
				CLANG_ANALYZER_NONNULL = YES;
				CLANG_CXX_LANGUAGE_STANDARD = "gnu++0x";
				CLANG_CXX_LIBRARY = "libc++";
				CLANG_ENABLE_MODULES = YES;
				CLANG_ENABLE_OBJC_ARC = YES;
				CLANG_WARN_BOOL_CONVERSION = YES;
				CLANG_WARN_CONSTANT_CONVERSION = YES;
				CLANG_WARN_DIRECT_OBJC_ISA_USAGE = YES_ERROR;
				CLANG_WARN_DOCUMENTATION_COMMENTS = YES;
				CLANG_WARN_EMPTY_BODY = YES;
				CLANG_WARN_ENUM_CONVERSION = YES;
				CLANG_WARN_INFINITE_RECURSION = YES;
				CLANG_WARN_INT_CONVERSION = YES;
				CLANG_WARN_OBJC_ROOT_CLASS = YES_ERROR;
				CLANG_WARN_SUSPICIOUS_MOVES = YES;
				CLANG_WARN_UNREACHABLE_CODE = YES;
				CLANG_WARN__DUPLICATE_METHOD_MATCH = YES;
				"CODE_SIGN_IDENTITY[sdk=iphoneos*]" = "iPhone Developer";
				COPY_PHASE_STRIP = NO;
				DEBUG_INFORMATION_FORMAT = "dwarf-with-dsym";
				ENABLE_NS_ASSERTIONS = NO;
				ENABLE_STRICT_OBJC_MSGSEND = YES;
				GCC_C_LANGUAGE_STANDARD = gnu99;
				GCC_NO_COMMON_BLOCKS = YES;
				GCC_WARN_64_TO_32_BIT_CONVERSION = YES;
				GCC_WARN_ABOUT_RETURN_TYPE = YES_ERROR;
				GCC_WARN_UNDECLARED_SELECTOR = YES;
				GCC_WARN_UNINITIALIZED_AUTOS = YES_AGGRESSIVE;
				GCC_WARN_UNUSED_FUNCTION = YES;
				GCC_WARN_UNUSED_VARIABLE = YES;
				IPHONEOS_DEPLOYMENT_TARGET = 10.0;
				MTL_ENABLE_DEBUG_INFO = NO;
				SDKROOT = iphoneos;
				SWIFT_OPTIMIZATION_LEVEL = "-Owholemodule";
				VALIDATE_PRODUCT = YES;
			};
			name = Release;
		};
		B5E0BC421DB9B24D00ED9208 /* Debug */ = {
			isa = XCBuildConfiguration;
			buildSettings = {
				ASSETCATALOG_COMPILER_APPICON_NAME = AppIcon;
				DEVELOPMENT_TEAM = F7H6YLSJC6;
				INFOPLIST_FILE = ImageGuyDemo/Info.plist;
				IPHONEOS_DEPLOYMENT_TARGET = 9.0;
				LD_RUNPATH_SEARCH_PATHS = "$(inherited) @executable_path/Frameworks";
				PRODUCT_BUNDLE_IDENTIFIER = com.eastblue.ImageGuyDemo;
				PRODUCT_NAME = "$(TARGET_NAME)";
				SWIFT_VERSION = 3.0;
			};
			name = Debug;
		};
		B5E0BC431DB9B24D00ED9208 /* Release */ = {
			isa = XCBuildConfiguration;
			buildSettings = {
				ASSETCATALOG_COMPILER_APPICON_NAME = AppIcon;
				DEVELOPMENT_TEAM = F7H6YLSJC6;
				INFOPLIST_FILE = ImageGuyDemo/Info.plist;
				IPHONEOS_DEPLOYMENT_TARGET = 9.0;
				LD_RUNPATH_SEARCH_PATHS = "$(inherited) @executable_path/Frameworks";
				PRODUCT_BUNDLE_IDENTIFIER = com.eastblue.ImageGuyDemo;
				PRODUCT_NAME = "$(TARGET_NAME)";
				SWIFT_VERSION = 3.0;
			};
			name = Release;
		};
/* End XCBuildConfiguration section */

/* Begin XCConfigurationList section */
		B5E0BC2A1DB9B24D00ED9208 /* Build configuration list for PBXProject "ImageGuyDemo" */ = {
			isa = XCConfigurationList;
			buildConfigurations = (
				B5E0BC3F1DB9B24D00ED9208 /* Debug */,
				B5E0BC401DB9B24D00ED9208 /* Release */,
			);
			defaultConfigurationIsVisible = 0;
			defaultConfigurationName = Release;
		};
		B5E0BC411DB9B24D00ED9208 /* Build configuration list for PBXNativeTarget "ImageGuyDemo" */ = {
			isa = XCConfigurationList;
			buildConfigurations = (
				B5E0BC421DB9B24D00ED9208 /* Debug */,
				B5E0BC431DB9B24D00ED9208 /* Release */,
			);
			defaultConfigurationIsVisible = 0;
		};
/* End XCConfigurationList section */
	};
	rootObject = B5E0BC271DB9B24D00ED9208 /* Project object */;
}
